// !$*UTF8*$!
{
	archiveVersion = 1;
	classes = {
	};
	objectVersion = 51;
	objects = {

/* Begin PBXBuildFile section */
		C4AB64FE037267B1C6CA6ED2 /* Pods_RU_Kristina_Gym.framework in Frameworks */ = {isa = PBXBuildFile; fileRef = 29543974181BB9C0B0F1272F /* Pods_RU_Kristina_Gym.framework */; };
		CABF3DDC24C821670039C72B /* AppDelegate.swift in Sources */ = {isa = PBXBuildFile; fileRef = CABF3DDB24C821670039C72B /* AppDelegate.swift */; };
		CABF3DDE24C821670039C72B /* SceneDelegate.swift in Sources */ = {isa = PBXBuildFile; fileRef = CABF3DDD24C821670039C72B /* SceneDelegate.swift */; };
		CABF3DE024C821670039C72B /* ContentView.swift in Sources */ = {isa = PBXBuildFile; fileRef = CABF3DDF24C821670039C72B /* ContentView.swift */; };
		CABF3DE224C821720039C72B /* Assets.xcassets in Resources */ = {isa = PBXBuildFile; fileRef = CABF3DE124C821720039C72B /* Assets.xcassets */; };
		CABF3DE524C821720039C72B /* Preview Assets.xcassets in Resources */ = {isa = PBXBuildFile; fileRef = CABF3DE424C821720039C72B /* Preview Assets.xcassets */; };
		CABF3DE824C821720039C72B /* LaunchScreen.storyboard in Resources */ = {isa = PBXBuildFile; fileRef = CABF3DE624C821720039C72B /* LaunchScreen.storyboard */; };
		CABF3DF024C82A6F0039C72B /* Step_2.swift in Sources */ = {isa = PBXBuildFile; fileRef = CABF3DEF24C82A6F0039C72B /* Step_2.swift */; };
		CABF3DF224C82CD10039C72B /* Step_3.swift in Sources */ = {isa = PBXBuildFile; fileRef = CABF3DF124C82CD10039C72B /* Step_3.swift */; };
		CABF3DF424C830D50039C72B /* Step_4.swift in Sources */ = {isa = PBXBuildFile; fileRef = CABF3DF324C830D50039C72B /* Step_4.swift */; };
		CABF3DF624C832680039C72B /* Step_5.swift in Sources */ = {isa = PBXBuildFile; fileRef = CABF3DF524C832680039C72B /* Step_5.swift */; };
		CABF3DF824C8355E0039C72B /* SignIn.swift in Sources */ = {isa = PBXBuildFile; fileRef = CABF3DF724C8355E0039C72B /* SignIn.swift */; };
		CABF3DFA24C839E80039C72B /* SignUp.swift in Sources */ = {isa = PBXBuildFile; fileRef = CABF3DF924C839E80039C72B /* SignUp.swift */; };
		CABF3DFC24C83C010039C72B /* MainView.swift in Sources */ = {isa = PBXBuildFile; fileRef = CABF3DFB24C83C010039C72B /* MainView.swift */; };
		CABF3DFF24C83C8F0039C72B /* NetworkService.swift in Sources */ = {isa = PBXBuildFile; fileRef = CABF3DFE24C83C8F0039C72B /* NetworkService.swift */; };
		CABF3E0124C846890039C72B /* Navigation+Extension.swift in Sources */ = {isa = PBXBuildFile; fileRef = CABF3E0024C846890039C72B /* Navigation+Extension.swift */; };
/* End PBXBuildFile section */

/* Begin PBXFileReference section */
		29543974181BB9C0B0F1272F /* Pods_RU_Kristina_Gym.framework */ = {isa = PBXFileReference; explicitFileType = wrapper.framework; includeInIndex = 0; path = Pods_RU_Kristina_Gym.framework; sourceTree = BUILT_PRODUCTS_DIR; };
		7E90E089C879C69A67EF71D8 /* Pods-RU_Kristina_Gym.release.xcconfig */ = {isa = PBXFileReference; includeInIndex = 1; lastKnownFileType = text.xcconfig; name = "Pods-RU_Kristina_Gym.release.xcconfig"; path = "Target Support Files/Pods-RU_Kristina_Gym/Pods-RU_Kristina_Gym.release.xcconfig"; sourceTree = "<group>"; };
		8E5A0A7D655D62073B61190F /* Pods-RU_Kristina_Gym.debug.xcconfig */ = {isa = PBXFileReference; includeInIndex = 1; lastKnownFileType = text.xcconfig; name = "Pods-RU_Kristina_Gym.debug.xcconfig"; path = "Target Support Files/Pods-RU_Kristina_Gym/Pods-RU_Kristina_Gym.debug.xcconfig"; sourceTree = "<group>"; };
		CABF3DD824C821670039C72B /* RU_Kristina_Gym.app */ = {isa = PBXFileReference; explicitFileType = wrapper.application; includeInIndex = 0; path = RU_Kristina_Gym.app; sourceTree = BUILT_PRODUCTS_DIR; };
		CABF3DDB24C821670039C72B /* AppDelegate.swift */ = {isa = PBXFileReference; lastKnownFileType = sourcecode.swift; path = AppDelegate.swift; sourceTree = "<group>"; };
		CABF3DDD24C821670039C72B /* SceneDelegate.swift */ = {isa = PBXFileReference; lastKnownFileType = sourcecode.swift; path = SceneDelegate.swift; sourceTree = "<group>"; };
		CABF3DDF24C821670039C72B /* ContentView.swift */ = {isa = PBXFileReference; lastKnownFileType = sourcecode.swift; path = ContentView.swift; sourceTree = "<group>"; };
		CABF3DE124C821720039C72B /* Assets.xcassets */ = {isa = PBXFileReference; lastKnownFileType = folder.assetcatalog; path = Assets.xcassets; sourceTree = "<group>"; };
		CABF3DE424C821720039C72B /* Preview Assets.xcassets */ = {isa = PBXFileReference; lastKnownFileType = folder.assetcatalog; path = "Preview Assets.xcassets"; sourceTree = "<group>"; };
		CABF3DE724C821720039C72B /* Base */ = {isa = PBXFileReference; lastKnownFileType = file.storyboard; name = Base; path = Base.lproj/LaunchScreen.storyboard; sourceTree = "<group>"; };
		CABF3DE924C821720039C72B /* Info.plist */ = {isa = PBXFileReference; lastKnownFileType = text.plist.xml; path = Info.plist; sourceTree = "<group>"; };
		CABF3DEF24C82A6F0039C72B /* Step_2.swift */ = {isa = PBXFileReference; lastKnownFileType = sourcecode.swift; path = Step_2.swift; sourceTree = "<group>"; };
		CABF3DF124C82CD10039C72B /* Step_3.swift */ = {isa = PBXFileReference; lastKnownFileType = sourcecode.swift; path = Step_3.swift; sourceTree = "<group>"; };
		CABF3DF324C830D50039C72B /* Step_4.swift */ = {isa = PBXFileReference; lastKnownFileType = sourcecode.swift; path = Step_4.swift; sourceTree = "<group>"; };
		CABF3DF524C832680039C72B /* Step_5.swift */ = {isa = PBXFileReference; lastKnownFileType = sourcecode.swift; path = Step_5.swift; sourceTree = "<group>"; };
		CABF3DF724C8355E0039C72B /* SignIn.swift */ = {isa = PBXFileReference; lastKnownFileType = sourcecode.swift; path = SignIn.swift; sourceTree = "<group>"; };
		CABF3DF924C839E80039C72B /* SignUp.swift */ = {isa = PBXFileReference; lastKnownFileType = sourcecode.swift; path = SignUp.swift; sourceTree = "<group>"; };
		CABF3DFB24C83C010039C72B /* MainView.swift */ = {isa = PBXFileReference; lastKnownFileType = sourcecode.swift; path = MainView.swift; sourceTree = "<group>"; };
		CABF3DFE24C83C8F0039C72B /* NetworkService.swift */ = {isa = PBXFileReference; lastKnownFileType = sourcecode.swift; path = NetworkService.swift; sourceTree = "<group>"; };
		CABF3E0024C846890039C72B /* Navigation+Extension.swift */ = {isa = PBXFileReference; lastKnownFileType = sourcecode.swift; path = "Navigation+Extension.swift"; sourceTree = "<group>"; };
/* End PBXFileReference section */

/* Begin PBXFrameworksBuildPhase section */
		CABF3DD524C821670039C72B /* Frameworks */ = {
			isa = PBXFrameworksBuildPhase;
			buildActionMask = 2147483647;
			files = (
				C4AB64FE037267B1C6CA6ED2 /* Pods_RU_Kristina_Gym.framework in Frameworks */,
			);
			runOnlyForDeploymentPostprocessing = 0;
		};
/* End PBXFrameworksBuildPhase section */

/* Begin PBXGroup section */
		7A1B60A9CA6853E24519C31D /* Frameworks */ = {
			isa = PBXGroup;
			children = (
				29543974181BB9C0B0F1272F /* Pods_RU_Kristina_Gym.framework */,
			);
			name = Frameworks;
			sourceTree = "<group>";
		};
		CABF3DCF24C821670039C72B = {
			isa = PBXGroup;
			children = (
				CABF3DDA24C821670039C72B /* RU_Kristina_Gym */,
				CABF3DD924C821670039C72B /* Products */,
				D69BC76D0992100626FA3CA6 /* Pods */,
				7A1B60A9CA6853E24519C31D /* Frameworks */,
			);
			sourceTree = "<group>";
		};
		CABF3DD924C821670039C72B /* Products */ = {
			isa = PBXGroup;
			children = (
				CABF3DD824C821670039C72B /* RU_Kristina_Gym.app */,
			);
			name = Products;
			sourceTree = "<group>";
		};
		CABF3DDA24C821670039C72B /* RU_Kristina_Gym */ = {
			isa = PBXGroup;
			children = (
				CABF3DFD24C83C5B0039C72B /* View */,
				CABF3DDB24C821670039C72B /* AppDelegate.swift */,
				CABF3DDD24C821670039C72B /* SceneDelegate.swift */,
				CABF3DE124C821720039C72B /* Assets.xcassets */,
				CABF3DE624C821720039C72B /* LaunchScreen.storyboard */,
				CABF3DE924C821720039C72B /* Info.plist */,
				CABF3DE324C821720039C72B /* Preview Content */,
				CABF3DFE24C83C8F0039C72B /* NetworkService.swift */,
				CABF3E0024C846890039C72B /* Navigation+Extension.swift */,
			);
			path = RU_Kristina_Gym;
			sourceTree = "<group>";
		};
		CABF3DE324C821720039C72B /* Preview Content */ = {
			isa = PBXGroup;
			children = (
				CABF3DE424C821720039C72B /* Preview Assets.xcassets */,
			);
			path = "Preview Content";
			sourceTree = "<group>";
		};
		CABF3DFD24C83C5B0039C72B /* View */ = {
			isa = PBXGroup;
			children = (
				CABF3DDF24C821670039C72B /* ContentView.swift */,
				CABF3DEF24C82A6F0039C72B /* Step_2.swift */,
				CABF3DF124C82CD10039C72B /* Step_3.swift */,
				CABF3DF324C830D50039C72B /* Step_4.swift */,
				CABF3DF524C832680039C72B /* Step_5.swift */,
				CABF3DF724C8355E0039C72B /* SignIn.swift */,
				CABF3DF924C839E80039C72B /* SignUp.swift */,
				CABF3DFB24C83C010039C72B /* MainView.swift */,
			);
			path = View;
			sourceTree = "<group>";
		};
		D69BC76D0992100626FA3CA6 /* Pods */ = {
			isa = PBXGroup;
			children = (
				8E5A0A7D655D62073B61190F /* Pods-RU_Kristina_Gym.debug.xcconfig */,
				7E90E089C879C69A67EF71D8 /* Pods-RU_Kristina_Gym.release.xcconfig */,
			);
			path = Pods;
			sourceTree = "<group>";
		};
/* End PBXGroup section */

/* Begin PBXNativeTarget section */
		CABF3DD724C821670039C72B /* RU_Kristina_Gym */ = {
			isa = PBXNativeTarget;
			buildConfigurationList = CABF3DEC24C821720039C72B /* Build configuration list for PBXNativeTarget "RU_Kristina_Gym" */;
			buildPhases = (
				DBC094709F5D2628F8EF1105 /* [CP] Check Pods Manifest.lock */,
				CABF3DD424C821670039C72B /* Sources */,
				CABF3DD524C821670039C72B /* Frameworks */,
				CABF3DD624C821670039C72B /* Resources */,
				90D3FFA3266B376725B779C6 /* [CP] Embed Pods Frameworks */,
			);
			buildRules = (
			);
			dependencies = (
			);
			name = RU_Kristina_Gym;
			productName = RU_Kristina_Gym;
			productReference = CABF3DD824C821670039C72B /* RU_Kristina_Gym.app */;
			productType = "com.apple.product-type.application";
		};
/* End PBXNativeTarget section */

/* Begin PBXProject section */
		CABF3DD024C821670039C72B /* Project object */ = {
			isa = PBXProject;
			attributes = {
				LastSwiftUpdateCheck = 1150;
				LastUpgradeCheck = 1150;
				ORGANIZATIONNAME = "Кристина Перегудова";
				TargetAttributes = {
					CABF3DD724C821670039C72B = {
						CreatedOnToolsVersion = 11.5;
					};
				};
			};
			buildConfigurationList = CABF3DD324C821670039C72B /* Build configuration list for PBXProject "RU_Kristina_Gym" */;
			compatibilityVersion = "Xcode 9.3";
			developmentRegion = en;
			hasScannedForEncodings = 0;
			knownRegions = (
				en,
				Base,
			);
			mainGroup = CABF3DCF24C821670039C72B;
			productRefGroup = CABF3DD924C821670039C72B /* Products */;
			projectDirPath = "";
			projectRoot = "";
			targets = (
				CABF3DD724C821670039C72B /* RU_Kristina_Gym */,
			);
		};
/* End PBXProject section */

/* Begin PBXResourcesBuildPhase section */
		CABF3DD624C821670039C72B /* Resources */ = {
			isa = PBXResourcesBuildPhase;
			buildActionMask = 2147483647;
			files = (
				CABF3DE824C821720039C72B /* LaunchScreen.storyboard in Resources */,
				CABF3DE524C821720039C72B /* Preview Assets.xcassets in Resources */,
				CABF3DE224C821720039C72B /* Assets.xcassets in Resources */,
			);
			runOnlyForDeploymentPostprocessing = 0;
		};
/* End PBXResourcesBuildPhase section */

/* Begin PBXShellScriptBuildPhase section */
		90D3FFA3266B376725B779C6 /* [CP] Embed Pods Frameworks */ = {
			isa = PBXShellScriptBuildPhase;
			buildActionMask = 2147483647;
			files = (
			);
			inputFileListPaths = (
				"${PODS_ROOT}/Target Support Files/Pods-RU_Kristina_Gym/Pods-RU_Kristina_Gym-frameworks-${CONFIGURATION}-input-files.xcfilelist",
			);
			name = "[CP] Embed Pods Frameworks";
			outputFileListPaths = (
				"${PODS_ROOT}/Target Support Files/Pods-RU_Kristina_Gym/Pods-RU_Kristina_Gym-frameworks-${CONFIGURATION}-output-files.xcfilelist",
			);
			runOnlyForDeploymentPostprocessing = 0;
			shellPath = /bin/sh;
			shellScript = "\"${PODS_ROOT}/Target Support Files/Pods-RU_Kristina_Gym/Pods-RU_Kristina_Gym-frameworks.sh\"\n";
			showEnvVarsInLog = 0;
		};
		DBC094709F5D2628F8EF1105 /* [CP] Check Pods Manifest.lock */ = {
			isa = PBXShellScriptBuildPhase;
			buildActionMask = 2147483647;
			files = (
			);
			inputFileListPaths = (
			);
			inputPaths = (
				"${PODS_PODFILE_DIR_PATH}/Podfile.lock",
				"${PODS_ROOT}/Manifest.lock",
			);
			name = "[CP] Check Pods Manifest.lock";
			outputFileListPaths = (
			);
			outputPaths = (
				"$(DERIVED_FILE_DIR)/Pods-RU_Kristina_Gym-checkManifestLockResult.txt",
			);
			runOnlyForDeploymentPostprocessing = 0;
			shellPath = /bin/sh;
			shellScript = "diff \"${PODS_PODFILE_DIR_PATH}/Podfile.lock\" \"${PODS_ROOT}/Manifest.lock\" > /dev/null\nif [ $? != 0 ] ; then\n    # print error to STDERR\n    echo \"error: The sandbox is not in sync with the Podfile.lock. Run 'pod install' or update your CocoaPods installation.\" >&2\n    exit 1\nfi\n# This output is used by Xcode 'outputs' to avoid re-running this script phase.\necho \"SUCCESS\" > \"${SCRIPT_OUTPUT_FILE_0}\"\n";
			showEnvVarsInLog = 0;
		};
/* End PBXShellScriptBuildPhase section */

/* Begin PBXSourcesBuildPhase section */
		CABF3DD424C821670039C72B /* Sources */ = {
			isa = PBXSourcesBuildPhase;
			buildActionMask = 2147483647;
			files = (
				CABF3DFF24C83C8F0039C72B /* NetworkService.swift in Sources */,
				CABF3E0124C846890039C72B /* Navigation+Extension.swift in Sources */,
				CABF3DF424C830D50039C72B /* Step_4.swift in Sources */,
				CABF3DF624C832680039C72B /* Step_5.swift in Sources */,
				CABF3DFA24C839E80039C72B /* SignUp.swift in Sources */,
				CABF3DFC24C83C010039C72B /* MainView.swift in Sources */,
				CABF3DF024C82A6F0039C72B /* Step_2.swift in Sources */,
				CABF3DF224C82CD10039C72B /* Step_3.swift in Sources */,
				CABF3DDC24C821670039C72B /* AppDelegate.swift in Sources */,
				CABF3DDE24C821670039C72B /* SceneDelegate.swift in Sources */,
				CABF3DE024C821670039C72B /* ContentView.swift in Sources */,
				CABF3DF824C8355E0039C72B /* SignIn.swift in Sources */,
			);
			runOnlyForDeploymentPostprocessing = 0;
		};
/* End PBXSourcesBuildPhase section */

/* Begin PBXVariantGroup section */
		CABF3DE624C821720039C72B /* LaunchScreen.storyboard */ = {
			isa = PBXVariantGroup;
			children = (
				CABF3DE724C821720039C72B /* Base */,
			);
			name = LaunchScreen.storyboard;
			sourceTree = "<group>";
		};
/* End PBXVariantGroup section */

/* Begin XCBuildConfiguration section */
		CABF3DEA24C821720039C72B /* Debug */ = {
			isa = XCBuildConfiguration;
			buildSettings = {
				ALWAYS_SEARCH_USER_PATHS = NO;
				CLANG_ANALYZER_NONNULL = YES;
				CLANG_ANALYZER_NUMBER_OBJECT_CONVERSION = YES_AGGRESSIVE;
				CLANG_CXX_LANGUAGE_STANDARD = "gnu++14";
				CLANG_CXX_LIBRARY = "libc++";
				CLANG_ENABLE_MODULES = YES;
				CLANG_ENABLE_OBJC_ARC = YES;
				CLANG_ENABLE_OBJC_WEAK = YES;
				CLANG_WARN_BLOCK_CAPTURE_AUTORELEASING = YES;
				CLANG_WARN_BOOL_CONVERSION = YES;
				CLANG_WARN_COMMA = YES;
				CLANG_WARN_CONSTANT_CONVERSION = YES;
				CLANG_WARN_DEPRECATED_OBJC_IMPLEMENTATIONS = YES;
				CLANG_WARN_DIRECT_OBJC_ISA_USAGE = YES_ERROR;
				CLANG_WARN_DOCUMENTATION_COMMENTS = YES;
				CLANG_WARN_EMPTY_BODY = YES;
				CLANG_WARN_ENUM_CONVERSION = YES;
				CLANG_WARN_INFINITE_RECURSION = YES;
				CLANG_WARN_INT_CONVERSION = YES;
				CLANG_WARN_NON_LITERAL_NULL_CONVERSION = YES;
				CLANG_WARN_OBJC_IMPLICIT_RETAIN_SELF = YES;
				CLANG_WARN_OBJC_LITERAL_CONVERSION = YES;
				CLANG_WARN_OBJC_ROOT_CLASS = YES_ERROR;
				CLANG_WARN_RANGE_LOOP_ANALYSIS = YES;
				CLANG_WARN_STRICT_PROTOTYPES = YES;
				CLANG_WARN_SUSPICIOUS_MOVE = YES;
				CLANG_WARN_UNGUARDED_AVAILABILITY = YES_AGGRESSIVE;
				CLANG_WARN_UNREACHABLE_CODE = YES;
				CLANG_WARN__DUPLICATE_METHOD_MATCH = YES;
				COPY_PHASE_STRIP = NO;
				DEBUG_INFORMATION_FORMAT = dwarf;
				ENABLE_STRICT_OBJC_MSGSEND = YES;
				ENABLE_TESTABILITY = YES;
				GCC_C_LANGUAGE_STANDARD = gnu11;
				GCC_DYNAMIC_NO_PIC = NO;
				GCC_NO_COMMON_BLOCKS = YES;
				GCC_OPTIMIZATION_LEVEL = 0;
				GCC_PREPROCESSOR_DEFINITIONS = (
					"DEBUG=1",
					"$(inherited)",
				);
				GCC_WARN_64_TO_32_BIT_CONVERSION = YES;
				GCC_WARN_ABOUT_RETURN_TYPE = YES_ERROR;
				GCC_WARN_UNDECLARED_SELECTOR = YES;
				GCC_WARN_UNINITIALIZED_AUTOS = YES_AGGRESSIVE;
				GCC_WARN_UNUSED_FUNCTION = YES;
				GCC_WARN_UNUSED_VARIABLE = YES;
				IPHONEOS_DEPLOYMENT_TARGET = 13.5;
				MTL_ENABLE_DEBUG_INFO = INCLUDE_SOURCE;
				MTL_FAST_MATH = YES;
				ONLY_ACTIVE_ARCH = YES;
				SDKROOT = iphoneos;
				SWIFT_ACTIVE_COMPILATION_CONDITIONS = DEBUG;
				SWIFT_OPTIMIZATION_LEVEL = "-Onone";
			};
			name = Debug;
		};
		CABF3DEB24C821720039C72B /* Release */ = {
			isa = XCBuildConfiguration;
			buildSettings = {
				ALWAYS_SEARCH_USER_PATHS = NO;
				CLANG_ANALYZER_NONNULL = YES;
				CLANG_ANALYZER_NUMBER_OBJECT_CONVERSION = YES_AGGRESSIVE;
				CLANG_CXX_LANGUAGE_STANDARD = "gnu++14";
				CLANG_CXX_LIBRARY = "libc++";
				CLANG_ENABLE_MODULES = YES;
				CLANG_ENABLE_OBJC_ARC = YES;
				CLANG_ENABLE_OBJC_WEAK = YES;
				CLANG_WARN_BLOCK_CAPTURE_AUTORELEASING = YES;
				CLANG_WARN_BOOL_CONVERSION = YES;
				CLANG_WARN_COMMA = YES;
				CLANG_WARN_CONSTANT_CONVERSION = YES;
				CLANG_WARN_DEPRECATED_OBJC_IMPLEMENTATIONS = YES;
				CLANG_WARN_DIRECT_OBJC_ISA_USAGE = YES_ERROR;
				CLANG_WARN_DOCUMENTATION_COMMENTS = YES;
				CLANG_WARN_EMPTY_BODY = YES;
				CLANG_WARN_ENUM_CONVERSION = YES;
				CLANG_WARN_INFINITE_RECURSION = YES;
				CLANG_WARN_INT_CONVERSION = YES;
				CLANG_WARN_NON_LITERAL_NULL_CONVERSION = YES;
				CLANG_WARN_OBJC_IMPLICIT_RETAIN_SELF = YES;
				CLANG_WARN_OBJC_LITERAL_CONVERSION = YES;
				CLANG_WARN_OBJC_ROOT_CLASS = YES_ERROR;
				CLANG_WARN_RANGE_LOOP_ANALYSIS = YES;
				CLANG_WARN_STRICT_PROTOTYPES = YES;
				CLANG_WARN_SUSPICIOUS_MOVE = YES;
				CLANG_WARN_UNGUARDED_AVAILABILITY = YES_AGGRESSIVE;
				CLANG_WARN_UNREACHABLE_CODE = YES;
				CLANG_WARN__DUPLICATE_METHOD_MATCH = YES;
				COPY_PHASE_STRIP = NO;
				DEBUG_INFORMATION_FORMAT = "dwarf-with-dsym";
				ENABLE_NS_ASSERTIONS = NO;
				ENABLE_STRICT_OBJC_MSGSEND = YES;
				GCC_C_LANGUAGE_STANDARD = gnu11;
				GCC_NO_COMMON_BLOCKS = YES;
				GCC_WARN_64_TO_32_BIT_CONVERSION = YES;
				GCC_WARN_ABOUT_RETURN_TYPE = YES_ERROR;
				GCC_WARN_UNDECLARED_SELECTOR = YES;
				GCC_WARN_UNINITIALIZED_AUTOS = YES_AGGRESSIVE;
				GCC_WARN_UNUSED_FUNCTION = YES;
				GCC_WARN_UNUSED_VARIABLE = YES;
				IPHONEOS_DEPLOYMENT_TARGET = 13.5;
				MTL_ENABLE_DEBUG_INFO = NO;
				MTL_FAST_MATH = YES;
				SDKROOT = iphoneos;
				SWIFT_COMPILATION_MODE = wholemodule;
				SWIFT_OPTIMIZATION_LEVEL = "-O";
				VALIDATE_PRODUCT = YES;
			};
			name = Release;
		};
		CABF3DED24C821720039C72B /* Debug */ = {
			isa = XCBuildConfiguration;
			baseConfigurationReference = 8E5A0A7D655D62073B61190F /* Pods-RU_Kristina_Gym.debug.xcconfig */;
			buildSettings = {
				ASSETCATALOG_COMPILER_APPICON_NAME = AppIcon;
				CODE_SIGN_STYLE = Automatic;
				DEVELOPMENT_ASSET_PATHS = "\"RU_Kristina_Gym/Preview Content\"";
				DEVELOPMENT_TEAM = 7NZPBTA9R6;
				ENABLE_PREVIEWS = YES;
				INFOPLIST_FILE = RU_Kristina_Gym/Info.plist;
				LD_RUNPATH_SEARCH_PATHS = (
					"$(inherited)",
					"@executable_path/Frameworks",
				);
				PRODUCT_BUNDLE_IDENTIFIER = "com.perekrist.RU-Kristina-Gym";
				PRODUCT_NAME = "$(TARGET_NAME)";
				SWIFT_VERSION = 5.0;
				TARGETED_DEVICE_FAMILY = "1,2";
			};
			name = Debug;
		};
		CABF3DEE24C821720039C72B /* Release */ = {
			isa = XCBuildConfiguration;
			baseConfigurationReference = 7E90E089C879C69A67EF71D8 /* Pods-RU_Kristina_Gym.release.xcconfig */;
			buildSettings = {
				ASSETCATALOG_COMPILER_APPICON_NAME = AppIcon;
				CODE_SIGN_STYLE = Automatic;
				DEVELOPMENT_ASSET_PATHS = "\"RU_Kristina_Gym/Preview Content\"";
				DEVELOPMENT_TEAM = 7NZPBTA9R6;
				ENABLE_PREVIEWS = YES;
				INFOPLIST_FILE = RU_Kristina_Gym/Info.plist;
				LD_RUNPATH_SEARCH_PATHS = (
					"$(inherited)",
					"@executable_path/Frameworks",
				);
				PRODUCT_BUNDLE_IDENTIFIER = "com.perekrist.RU-Kristina-Gym";
				PRODUCT_NAME = "$(TARGET_NAME)";
				SWIFT_VERSION = 5.0;
				TARGETED_DEVICE_FAMILY = "1,2";
			};
			name = Release;
		};
/* End XCBuildConfiguration section */

/* Begin XCConfigurationList section */
		CABF3DD324C821670039C72B /* Build configuration list for PBXProject "RU_Kristina_Gym" */ = {
			isa = XCConfigurationList;
			buildConfigurations = (
				CABF3DEA24C821720039C72B /* Debug */,
				CABF3DEB24C821720039C72B /* Release */,
			);
			defaultConfigurationIsVisible = 0;
			defaultConfigurationName = Release;
		};
		CABF3DEC24C821720039C72B /* Build configuration list for PBXNativeTarget "RU_Kristina_Gym" */ = {
			isa = XCConfigurationList;
			buildConfigurations = (
				CABF3DED24C821720039C72B /* Debug */,
				CABF3DEE24C821720039C72B /* Release */,
			);
			defaultConfigurationIsVisible = 0;
			defaultConfigurationName = Release;
		};
/* End XCConfigurationList section */
	};
	rootObject = CABF3DD024C821670039C72B /* Project object */;
}
